
Microsoft Visual Studio Solution File, Format Version 12.00
# Visual Studio Version 17
VisualStudioVersion = 17.3.32811.315
MinimumVisualStudioVersion = 10.0.40219.1
Project("{FAE04EC0-301F-11D3-BF4B-00C04F79EFBC}") = "mvcTest1", "mvcTest1.csproj", "{D928C861-9D3E-4529-A6C9-9B71937FC82B}"
EndProject
Global
	GlobalSection(SolutionConfigurationPlatforms) = preSolution
		Debug|Any CPU = Debug|Any CPU
		Release|Any CPU = Release|Any CPU
	EndGlobalSection
	GlobalSection(ProjectConfigurationPlatforms) = postSolution
		{D928C861-9D3E-4529-A6C9-9B71937FC82B}.Debug|Any CPU.ActiveCfg = Debug|Any CPU
		{D928C861-9D3E-4529-A6C9-9B71937FC82B}.Debug|Any CPU.Build.0 = Debug|Any CPU
		{D928C861-9D3E-4529-A6C9-9B71937FC82B}.Release|Any CPU.ActiveCfg = Release|Any CPU
		{D928C861-9D3E-4529-A6C9-9B71937FC82B}.Release|Any CPU.Build.0 = Release|Any CPU
	EndGlobalSection
	GlobalSection(SolutionProperties) = preSolution
		HideSolutionNode = FALSE
	EndGlobalSection
	GlobalSection(ExtensibilityGlobals) = postSolution
		SolutionGuid = {F5A3037C-9E6C-4F03-BECD-08D7A355A9EF}
	EndGlobalSection
EndGlobal
